
Microsoft Visual Studio Solution File, Format Version 12.00
# Visual Studio 15
VisualStudioVersion = 15.0.26730.16
MinimumVisualStudioVersion = 10.0.40219.1
Project("{FAE04EC0-301F-11D3-BF4B-00C04F79EFBC}") = "CpuMonitor", "CpuMonitor.csproj", "{EA05A9A8-163A-423E-AAE0-79486EB20750}"
EndProject
Global
	GlobalSection(SolutionConfigurationPlatforms) = preSolution
		Debug|Any CPU = Debug|Any CPU
		Release|Any CPU = Release|Any CPU
	EndGlobalSection
	GlobalSection(ProjectConfigurationPlatforms) = postSolution
		{EA05A9A8-163A-423E-AAE0-79486EB20750}.Debug|Any CPU.ActiveCfg = Debug|Any CPU
		{EA05A9A8-163A-423E-AAE0-79486EB20750}.Debug|Any CPU.Build.0 = Debug|Any CPU
		{EA05A9A8-163A-423E-AAE0-79486EB20750}.Release|Any CPU.ActiveCfg = Release|Any CPU
		{EA05A9A8-163A-423E-AAE0-79486EB20750}.Release|Any CPU.Build.0 = Release|Any CPU
	EndGlobalSection
	GlobalSection(SolutionProperties) = preSolution
		HideSolutionNode = FALSE
	EndGlobalSection
	GlobalSection(ExtensibilityGlobals) = postSolution
		SolutionGuid = {B798365E-5DAF-43D6-8543-3846F2360BB6}
	EndGlobalSection
EndGlobal
