
Microsoft Visual Studio Solution File, Format Version 12.00
# Visual Studio 15
VisualStudioVersion = 15.0.26730.16
MinimumVisualStudioVersion = 10.0.40219.1
Project("{FAE04EC0-301F-11D3-BF4B-00C04F79EFBC}") = "CpuMonitor_GUI", "CpuMonitor_GUI.csproj", "{CC51CDE1-8ADE-4470-8860-C02B5C5CBFE5}"
EndProject
Global
	GlobalSection(SolutionConfigurationPlatforms) = preSolution
		Debug|Any CPU = Debug|Any CPU
		Release|Any CPU = Release|Any CPU
	EndGlobalSection
	GlobalSection(ProjectConfigurationPlatforms) = postSolution
		{CC51CDE1-8ADE-4470-8860-C02B5C5CBFE5}.Debug|Any CPU.ActiveCfg = Debug|Any CPU
		{CC51CDE1-8ADE-4470-8860-C02B5C5CBFE5}.Debug|Any CPU.Build.0 = Debug|Any CPU
		{CC51CDE1-8ADE-4470-8860-C02B5C5CBFE5}.Release|Any CPU.ActiveCfg = Release|Any CPU
		{CC51CDE1-8ADE-4470-8860-C02B5C5CBFE5}.Release|Any CPU.Build.0 = Release|Any CPU
	EndGlobalSection
	GlobalSection(SolutionProperties) = preSolution
		HideSolutionNode = FALSE
	EndGlobalSection
	GlobalSection(ExtensibilityGlobals) = postSolution
		SolutionGuid = {AF9FA4EC-1759-4EFA-8F1D-3B0BD9C95B64}
	EndGlobalSection
EndGlobal
